
Microsoft Visual Studio Solution File, Format Version 12.00
# Visual Studio Version 17
VisualStudioVersion = 17.11.35303.130
MinimumVisualStudioVersion = 10.0.40219.1
Project("{FAE04EC0-301F-11D3-BF4B-00C04F79EFBC}") = "ConsoleApp4", "ConsoleApp4\ConsoleApp4.csproj", "{30A53F0E-DB6E-41F4-95D3-3E962B1C8F78}"
EndProject
Global
	GlobalSection(SolutionConfigurationPlatforms) = preSolution
		Debug|Any CPU = Debug|Any CPU
		Release|Any CPU = Release|Any CPU
	EndGlobalSection
	GlobalSection(ProjectConfigurationPlatforms) = postSolution
		{30A53F0E-DB6E-41F4-95D3-3E962B1C8F78}.Debug|Any CPU.ActiveCfg = Debug|Any CPU
		{30A53F0E-DB6E-41F4-95D3-3E962B1C8F78}.Debug|Any CPU.Build.0 = Debug|Any CPU
		{30A53F0E-DB6E-41F4-95D3-3E962B1C8F78}.Release|Any CPU.ActiveCfg = Release|Any CPU
		{30A53F0E-DB6E-41F4-95D3-3E962B1C8F78}.Release|Any CPU.Build.0 = Release|Any CPU
	EndGlobalSection
	GlobalSection(SolutionProperties) = preSolution
		HideSolutionNode = FALSE
	EndGlobalSection
	GlobalSection(ExtensibilityGlobals) = postSolution
		SolutionGuid = {F314FDFE-9324-4E81-BEFF-D3ED3261649F}
	EndGlobalSection
EndGlobal
